
Microsoft Visual Studio Solution File, Format Version 12.00
# Visual Studio Version 16
VisualStudioVersion = 16.0.30002.166
MinimumVisualStudioVersion = 10.0.40219.1
Project("{FAE04EC0-301F-11D3-BF4B-00C04F79EFBC}") = "EmployeeManagement", "EmployeeManagement\EmployeeManagement.csproj", "{83B1DA6B-F5DD-4FA9-848C-2E2BF40E9201}"
EndProject
Project("{FAE04EC0-301F-11D3-BF4B-00C04F79EFBC}") = "EmployeeManagementTest", "EmployeeManagementTest\EmployeeManagementTest.csproj", "{2F828E1A-1FBB-48C4-99D6-901A5717CEEF}"
EndProject
Global
	GlobalSection(SolutionConfigurationPlatforms) = preSolution
		Debug|Any CPU = Debug|Any CPU
		Release|Any CPU = Release|Any CPU
	EndGlobalSection
	GlobalSection(ProjectConfigurationPlatforms) = postSolution
		{83B1DA6B-F5DD-4FA9-848C-2E2BF40E9201}.Debug|Any CPU.ActiveCfg = Debug|Any CPU
		{83B1DA6B-F5DD-4FA9-848C-2E2BF40E9201}.Debug|Any CPU.Build.0 = Debug|Any CPU
		{83B1DA6B-F5DD-4FA9-848C-2E2BF40E9201}.Release|Any CPU.ActiveCfg = Release|Any CPU
		{83B1DA6B-F5DD-4FA9-848C-2E2BF40E9201}.Release|Any CPU.Build.0 = Release|Any CPU
		{2F828E1A-1FBB-48C4-99D6-901A5717CEEF}.Debug|Any CPU.ActiveCfg = Debug|Any CPU
		{2F828E1A-1FBB-48C4-99D6-901A5717CEEF}.Debug|Any CPU.Build.0 = Debug|Any CPU
		{2F828E1A-1FBB-48C4-99D6-901A5717CEEF}.Release|Any CPU.ActiveCfg = Release|Any CPU
		{2F828E1A-1FBB-48C4-99D6-901A5717CEEF}.Release|Any CPU.Build.0 = Release|Any CPU
	EndGlobalSection
	GlobalSection(SolutionProperties) = preSolution
		HideSolutionNode = FALSE
	EndGlobalSection
	GlobalSection(ExtensibilityGlobals) = postSolution
		SolutionGuid = {5BED088A-4516-4066-A24F-E3A25E0743C5}
	EndGlobalSection
EndGlobal
